
Microsoft Visual Studio Solution File, Format Version 12.00
# Visual Studio Version 16
VisualStudioVersion = 16.0.30907.101
MinimumVisualStudioVersion = 10.0.40219.1
Project("{FAE04EC0-301F-11D3-BF4B-00C04F79EFBC}") = "GraMonolitycznie", "GraMonolitycznie\GraMonolitycznie.csproj", "{48DE55C5-1C34-48C5-8A6A-CECD485164C6}"
EndProject
Global
	GlobalSection(SolutionConfigurationPlatforms) = preSolution
		Debug|Any CPU = Debug|Any CPU
		Release|Any CPU = Release|Any CPU
	EndGlobalSection
	GlobalSection(ProjectConfigurationPlatforms) = postSolution
		{48DE55C5-1C34-48C5-8A6A-CECD485164C6}.Debug|Any CPU.ActiveCfg = Debug|Any CPU
		{48DE55C5-1C34-48C5-8A6A-CECD485164C6}.Debug|Any CPU.Build.0 = Debug|Any CPU
		{48DE55C5-1C34-48C5-8A6A-CECD485164C6}.Release|Any CPU.ActiveCfg = Release|Any CPU
		{48DE55C5-1C34-48C5-8A6A-CECD485164C6}.Release|Any CPU.Build.0 = Release|Any CPU
	EndGlobalSection
	GlobalSection(SolutionProperties) = preSolution
		HideSolutionNode = FALSE
	EndGlobalSection
	GlobalSection(ExtensibilityGlobals) = postSolution
		SolutionGuid = {B2D3010C-980E-4E2B-9039-26AD6E9A548B}
	EndGlobalSection
EndGlobal
