
Microsoft Visual Studio Solution File, Format Version 12.00
# Visual Studio Version 16
VisualStudioVersion = 16.0.30907.101
MinimumVisualStudioVersion = 10.0.40219.1
Project("{FAE04EC0-301F-11D3-BF4B-00C04F79EFBC}") = "LogikaGry", "LogikaGry\LogikaGry.csproj", "{BA4536F6-F0B6-4CC9-AABD-4F77E5F1AB91}"
EndProject
Project("{FAE04EC0-301F-11D3-BF4B-00C04F79EFBC}") = "TestProjectGra", "TestProjectGra\TestProjectGra.csproj", "{93AD76F4-F800-4C93-AD8E-6A08CF4AD585}"
EndProject
Project("{FAE04EC0-301F-11D3-BF4B-00C04F79EFBC}") = "GraConsoleApp", "GraConsoleApp\GraConsoleApp.csproj", "{A0E7E2D2-2044-4B1D-86EB-CC8DB9589023}"
EndProject
Global
	GlobalSection(SolutionConfigurationPlatforms) = preSolution
		Debug|Any CPU = Debug|Any CPU
		Release|Any CPU = Release|Any CPU
	EndGlobalSection
	GlobalSection(ProjectConfigurationPlatforms) = postSolution
		{BA4536F6-F0B6-4CC9-AABD-4F77E5F1AB91}.Debug|Any CPU.ActiveCfg = Debug|Any CPU
		{BA4536F6-F0B6-4CC9-AABD-4F77E5F1AB91}.Debug|Any CPU.Build.0 = Debug|Any CPU
		{BA4536F6-F0B6-4CC9-AABD-4F77E5F1AB91}.Release|Any CPU.ActiveCfg = Release|Any CPU
		{BA4536F6-F0B6-4CC9-AABD-4F77E5F1AB91}.Release|Any CPU.Build.0 = Release|Any CPU
		{93AD76F4-F800-4C93-AD8E-6A08CF4AD585}.Debug|Any CPU.ActiveCfg = Debug|Any CPU
		{93AD76F4-F800-4C93-AD8E-6A08CF4AD585}.Debug|Any CPU.Build.0 = Debug|Any CPU
		{93AD76F4-F800-4C93-AD8E-6A08CF4AD585}.Release|Any CPU.ActiveCfg = Release|Any CPU
		{93AD76F4-F800-4C93-AD8E-6A08CF4AD585}.Release|Any CPU.Build.0 = Release|Any CPU
		{A0E7E2D2-2044-4B1D-86EB-CC8DB9589023}.Debug|Any CPU.ActiveCfg = Debug|Any CPU
		{A0E7E2D2-2044-4B1D-86EB-CC8DB9589023}.Debug|Any CPU.Build.0 = Debug|Any CPU
		{A0E7E2D2-2044-4B1D-86EB-CC8DB9589023}.Release|Any CPU.ActiveCfg = Release|Any CPU
		{A0E7E2D2-2044-4B1D-86EB-CC8DB9589023}.Release|Any CPU.Build.0 = Release|Any CPU
	EndGlobalSection
	GlobalSection(SolutionProperties) = preSolution
		HideSolutionNode = FALSE
	EndGlobalSection
	GlobalSection(ExtensibilityGlobals) = postSolution
		SolutionGuid = {B2D3010C-980E-4E2B-9039-26AD6E9A548B}
	EndGlobalSection
EndGlobal
